
Microsoft Visual Studio Solution File, Format Version 12.00
# Visual Studio Version 16
VisualStudioVersion = 16.0.29306.81
MinimumVisualStudioVersion = 10.0.40219.1
Project("{FAE04EC0-301F-11D3-BF4B-00C04F79EFBC}") = "JWTSecureWebApi", "JWTSecureWebApi\JWTSecureWebApi.csproj", "{000CC37F-E469-4A75-B90F-2169DEEC923D}"
EndProject
Global
	GlobalSection(SolutionConfigurationPlatforms) = preSolution
		Debug|Any CPU = Debug|Any CPU
		Release|Any CPU = Release|Any CPU
	EndGlobalSection
	GlobalSection(ProjectConfigurationPlatforms) = postSolution
		{000CC37F-E469-4A75-B90F-2169DEEC923D}.Debug|Any CPU.ActiveCfg = Debug|Any CPU
		{000CC37F-E469-4A75-B90F-2169DEEC923D}.Debug|Any CPU.Build.0 = Debug|Any CPU
		{000CC37F-E469-4A75-B90F-2169DEEC923D}.Release|Any CPU.ActiveCfg = Release|Any CPU
		{000CC37F-E469-4A75-B90F-2169DEEC923D}.Release|Any CPU.Build.0 = Release|Any CPU
	EndGlobalSection
	GlobalSection(SolutionProperties) = preSolution
		HideSolutionNode = FALSE
	EndGlobalSection
	GlobalSection(ExtensibilityGlobals) = postSolution
		SolutionGuid = {C2B40FE5-AED4-475E-BA3C-A5F363856775}
	EndGlobalSection
EndGlobal
